// !$*UTF8*$!
{
	archiveVersion = 1;
	classes = {
	};
	objectVersion = 50;
	objects = {

/* Begin PBXBuildFile section */
		927140E0259A286F00F303FC /* Y2020D3.framework in Frameworks */ = {isa = PBXBuildFile; fileRef = 927140D6259A286E00F303FC /* Y2020D3.framework */; };
		927140E5259A286F00F303FC /* SolutionTests.swift in Sources */ = {isa = PBXBuildFile; fileRef = 927140E4259A286F00F303FC /* SolutionTests.swift */; };
		927140E7259A286F00F303FC /* Y2020D3.h in Headers */ = {isa = PBXBuildFile; fileRef = 927140D9259A286E00F303FC /* Y2020D3.h */; settings = {ATTRIBUTES = (Public, ); }; };
		927140F3259A287E00F303FC /* Solution.swift in Sources */ = {isa = PBXBuildFile; fileRef = 927140F2259A287E00F303FC /* Solution.swift */; };
		927140FA259A2EA200F303FC /* sample.txt in Resources */ = {isa = PBXBuildFile; fileRef = 927140F9259A2EA200F303FC /* sample.txt */; };
		92714100259A2EAD00F303FC /* large.txt in Resources */ = {isa = PBXBuildFile; fileRef = 927140FF259A2EAD00F303FC /* large.txt */; };
		92714104259A30B700F303FC /* Parser.swift in Sources */ = {isa = PBXBuildFile; fileRef = 92714103259A30B700F303FC /* Parser.swift */; };
/* End PBXBuildFile section */

/* Begin PBXContainerItemProxy section */
		927140E1259A286F00F303FC /* PBXContainerItemProxy */ = {
			isa = PBXContainerItemProxy;
			containerPortal = 927140CD259A286E00F303FC /* Project object */;
			proxyType = 1;
			remoteGlobalIDString = 927140D5259A286E00F303FC;
			remoteInfo = Y2020D3;
		};
/* End PBXContainerItemProxy section */

/* Begin PBXFileReference section */
		927140D6259A286E00F303FC /* Y2020D3.framework */ = {isa = PBXFileReference; explicitFileType = wrapper.framework; includeInIndex = 0; path = Y2020D3.framework; sourceTree = BUILT_PRODUCTS_DIR; };
		927140D9259A286E00F303FC /* Y2020D3.h */ = {isa = PBXFileReference; lastKnownFileType = sourcecode.c.h; path = Y2020D3.h; sourceTree = "<group>"; };
		927140DA259A286E00F303FC /* Info.plist */ = {isa = PBXFileReference; lastKnownFileType = text.plist.xml; path = Info.plist; sourceTree = "<group>"; };
		927140DF259A286F00F303FC /* Y2020D3Tests.xctest */ = {isa = PBXFileReference; explicitFileType = wrapper.cfbundle; includeInIndex = 0; path = Y2020D3Tests.xctest; sourceTree = BUILT_PRODUCTS_DIR; };
		927140E4259A286F00F303FC /* SolutionTests.swift */ = {isa = PBXFileReference; lastKnownFileType = sourcecode.swift; path = SolutionTests.swift; sourceTree = "<group>"; };
		927140E6259A286F00F303FC /* Info.plist */ = {isa = PBXFileReference; lastKnownFileType = text.plist.xml; path = Info.plist; sourceTree = "<group>"; };
		927140F2259A287E00F303FC /* Solution.swift */ = {isa = PBXFileReference; lastKnownFileType = sourcecode.swift; path = Solution.swift; sourceTree = "<group>"; };
		927140F9259A2EA200F303FC /* sample.txt */ = {isa = PBXFileReference; lastKnownFileType = text; path = sample.txt; sourceTree = "<group>"; };
		927140FF259A2EAD00F303FC /* large.txt */ = {isa = PBXFileReference; lastKnownFileType = text; path = large.txt; sourceTree = "<group>"; };
		92714103259A30B700F303FC /* Parser.swift */ = {isa = PBXFileReference; lastKnownFileType = sourcecode.swift; path = Parser.swift; sourceTree = "<group>"; };
/* End PBXFileReference section */

/* Begin PBXFrameworksBuildPhase section */
		927140D3259A286E00F303FC /* Frameworks */ = {
			isa = PBXFrameworksBuildPhase;
			buildActionMask = 2147483647;
			files = (
			);
			runOnlyForDeploymentPostprocessing = 0;
		};
		927140DC259A286F00F303FC /* Frameworks */ = {
			isa = PBXFrameworksBuildPhase;
			buildActionMask = 2147483647;
			files = (
				927140E0259A286F00F303FC /* Y2020D3.framework in Frameworks */,
			);
			runOnlyForDeploymentPostprocessing = 0;
		};
/* End PBXFrameworksBuildPhase section */

/* Begin PBXGroup section */
		927140CC259A286E00F303FC = {
			isa = PBXGroup;
			children = (
				927140D8259A286E00F303FC /* Y2020D3 */,
				927140E3259A286F00F303FC /* Y2020D3Tests */,
				927140D7259A286E00F303FC /* Products */,
			);
			sourceTree = "<group>";
		};
		927140D7259A286E00F303FC /* Products */ = {
			isa = PBXGroup;
			children = (
				927140D6259A286E00F303FC /* Y2020D3.framework */,
				927140DF259A286F00F303FC /* Y2020D3Tests.xctest */,
			);
			name = Products;
			sourceTree = "<group>";
		};
		927140D8259A286E00F303FC /* Y2020D3 */ = {
			isa = PBXGroup;
			children = (
				92714107259A316600F303FC /* SupportingFiles */,
				927140F2259A287E00F303FC /* Solution.swift */,
				92714103259A30B700F303FC /* Parser.swift */,
			);
			path = Y2020D3;
			sourceTree = "<group>";
		};
		927140E3259A286F00F303FC /* Y2020D3Tests */ = {
			isa = PBXGroup;
			children = (
				927140F8259A2E9400F303FC /* Input */,
				927140E4259A286F00F303FC /* SolutionTests.swift */,
				927140E6259A286F00F303FC /* Info.plist */,
			);
			path = Y2020D3Tests;
			sourceTree = "<group>";
		};
		927140F8259A2E9400F303FC /* Input */ = {
			isa = PBXGroup;
			children = (
				927140F9259A2EA200F303FC /* sample.txt */,
				927140FF259A2EAD00F303FC /* large.txt */,
			);
			path = Input;
			sourceTree = "<group>";
		};
		92714107259A316600F303FC /* SupportingFiles */ = {
			isa = PBXGroup;
			children = (
				927140D9259A286E00F303FC /* Y2020D3.h */,
				927140DA259A286E00F303FC /* Info.plist */,
			);
			path = SupportingFiles;
			sourceTree = "<group>";
		};
/* End PBXGroup section */

/* Begin PBXHeadersBuildPhase section */
		927140D1259A286E00F303FC /* Headers */ = {
			isa = PBXHeadersBuildPhase;
			buildActionMask = 2147483647;
			files = (
				927140E7259A286F00F303FC /* Y2020D3.h in Headers */,
			);
			runOnlyForDeploymentPostprocessing = 0;
		};
/* End PBXHeadersBuildPhase section */

/* Begin PBXNativeTarget section */
		927140D5259A286E00F303FC /* Y2020D3 */ = {
			isa = PBXNativeTarget;
			buildConfigurationList = 927140EA259A286F00F303FC /* Build configuration list for PBXNativeTarget "Y2020D3" */;
			buildPhases = (
				927140D1259A286E00F303FC /* Headers */,
				927140D2259A286E00F303FC /* Sources */,
				927140D3259A286E00F303FC /* Frameworks */,
				927140D4259A286E00F303FC /* Resources */,
			);
			buildRules = (
			);
			dependencies = (
			);
			name = Y2020D3;
			productName = Y2020D3;
			productReference = 927140D6259A286E00F303FC /* Y2020D3.framework */;
			productType = "com.apple.product-type.framework";
		};
		927140DE259A286F00F303FC /* Y2020D3Tests */ = {
			isa = PBXNativeTarget;
			buildConfigurationList = 927140ED259A286F00F303FC /* Build configuration list for PBXNativeTarget "Y2020D3Tests" */;
			buildPhases = (
				927140DB259A286F00F303FC /* Sources */,
				927140DC259A286F00F303FC /* Frameworks */,
				927140DD259A286F00F303FC /* Resources */,
			);
			buildRules = (
			);
			dependencies = (
				927140E2259A286F00F303FC /* PBXTargetDependency */,
			);
			name = Y2020D3Tests;
			productName = Y2020D3Tests;
			productReference = 927140DF259A286F00F303FC /* Y2020D3Tests.xctest */;
			productType = "com.apple.product-type.bundle.unit-test";
		};
/* End PBXNativeTarget section */

/* Begin PBXProject section */
		927140CD259A286E00F303FC /* Project object */ = {
			isa = PBXProject;
			attributes = {
				LastSwiftUpdateCheck = 1220;
				LastUpgradeCheck = 1220;
				TargetAttributes = {
					927140D5259A286E00F303FC = {
						CreatedOnToolsVersion = 12.2;
						LastSwiftMigration = 1220;
					};
					927140DE259A286F00F303FC = {
						CreatedOnToolsVersion = 12.2;
					};
				};
			};
			buildConfigurationList = 927140D0259A286E00F303FC /* Build configuration list for PBXProject "Y2020D3" */;
			compatibilityVersion = "Xcode 9.3";
			developmentRegion = en;
			hasScannedForEncodings = 0;
			knownRegions = (
				en,
				Base,
			);
			mainGroup = 927140CC259A286E00F303FC;
			productRefGroup = 927140D7259A286E00F303FC /* Products */;
			projectDirPath = "";
			projectRoot = "";
			targets = (
				927140D5259A286E00F303FC /* Y2020D3 */,
				927140DE259A286F00F303FC /* Y2020D3Tests */,
			);
		};
/* End PBXProject section */

/* Begin PBXResourcesBuildPhase section */
		927140D4259A286E00F303FC /* Resources */ = {
			isa = PBXResourcesBuildPhase;
			buildActionMask = 2147483647;
			files = (
			);
			runOnlyForDeploymentPostprocessing = 0;
		};
		927140DD259A286F00F303FC /* Resources */ = {
			isa = PBXResourcesBuildPhase;
			buildActionMask = 2147483647;
			files = (
				92714100259A2EAD00F303FC /* large.txt in Resources */,
				927140FA259A2EA200F303FC /* sample.txt in Resources */,
			);
			runOnlyForDeploymentPostprocessing = 0;
		};
/* End PBXResourcesBuildPhase section */

/* Begin PBXSourcesBuildPhase section */
		927140D2259A286E00F303FC /* Sources */ = {
			isa = PBXSourcesBuildPhase;
			buildActionMask = 2147483647;
			files = (
				92714104259A30B700F303FC /* Parser.swift in Sources */,
				927140F3259A287E00F303FC /* Solution.swift in Sources */,
			);
			runOnlyForDeploymentPostprocessing = 0;
		};
		927140DB259A286F00F303FC /* Sources */ = {
			isa = PBXSourcesBuildPhase;
			buildActionMask = 2147483647;
			files = (
				927140E5259A286F00F303FC /* SolutionTests.swift in Sources */,
			);
			runOnlyForDeploymentPostprocessing = 0;
		};
/* End PBXSourcesBuildPhase section */

/* Begin PBXTargetDependency section */
		927140E2259A286F00F303FC /* PBXTargetDependency */ = {
			isa = PBXTargetDependency;
			target = 927140D5259A286E00F303FC /* Y2020D3 */;
			targetProxy = 927140E1259A286F00F303FC /* PBXContainerItemProxy */;
		};
/* End PBXTargetDependency section */

/* Begin XCBuildConfiguration section */
		927140E8259A286F00F303FC /* Debug */ = {
			isa = XCBuildConfiguration;
			buildSettings = {
				ALWAYS_SEARCH_USER_PATHS = NO;
				CLANG_ANALYZER_NONNULL = YES;
				CLANG_ANALYZER_NUMBER_OBJECT_CONVERSION = YES_AGGRESSIVE;
				CLANG_CXX_LANGUAGE_STANDARD = "gnu++14";
				CLANG_CXX_LIBRARY = "libc++";
				CLANG_ENABLE_MODULES = YES;
				CLANG_ENABLE_OBJC_ARC = YES;
				CLANG_ENABLE_OBJC_WEAK = YES;
				CLANG_WARN_BLOCK_CAPTURE_AUTORELEASING = YES;
				CLANG_WARN_BOOL_CONVERSION = YES;
				CLANG_WARN_COMMA = YES;
				CLANG_WARN_CONSTANT_CONVERSION = YES;
				CLANG_WARN_DEPRECATED_OBJC_IMPLEMENTATIONS = YES;
				CLANG_WARN_DIRECT_OBJC_ISA_USAGE = YES_ERROR;
				CLANG_WARN_DOCUMENTATION_COMMENTS = YES;
				CLANG_WARN_EMPTY_BODY = YES;
				CLANG_WARN_ENUM_CONVERSION = YES;
				CLANG_WARN_INFINITE_RECURSION = YES;
				CLANG_WARN_INT_CONVERSION = YES;
				CLANG_WARN_NON_LITERAL_NULL_CONVERSION = YES;
				CLANG_WARN_OBJC_IMPLICIT_RETAIN_SELF = YES;
				CLANG_WARN_OBJC_LITERAL_CONVERSION = YES;
				CLANG_WARN_OBJC_ROOT_CLASS = YES_ERROR;
				CLANG_WARN_QUOTED_INCLUDE_IN_FRAMEWORK_HEADER = YES;
				CLANG_WARN_RANGE_LOOP_ANALYSIS = YES;
				CLANG_WARN_STRICT_PROTOTYPES = YES;
				CLANG_WARN_SUSPICIOUS_MOVE = YES;
				CLANG_WARN_UNGUARDED_AVAILABILITY = YES_AGGRESSIVE;
				CLANG_WARN_UNREACHABLE_CODE = YES;
				CLANG_WARN__DUPLICATE_METHOD_MATCH = YES;
				COPY_PHASE_STRIP = NO;
				CURRENT_PROJECT_VERSION = 1;
				DEBUG_INFORMATION_FORMAT = dwarf;
				ENABLE_STRICT_OBJC_MSGSEND = YES;
				ENABLE_TESTABILITY = YES;
				GCC_C_LANGUAGE_STANDARD = gnu11;
				GCC_DYNAMIC_NO_PIC = NO;
				GCC_NO_COMMON_BLOCKS = YES;
				GCC_OPTIMIZATION_LEVEL = 0;
				GCC_PREPROCESSOR_DEFINITIONS = (
					"DEBUG=1",
					"$(inherited)",
				);
				GCC_WARN_64_TO_32_BIT_CONVERSION = YES;
				GCC_WARN_ABOUT_RETURN_TYPE = YES_ERROR;
				GCC_WARN_UNDECLARED_SELECTOR = YES;
				GCC_WARN_UNINITIALIZED_AUTOS = YES_AGGRESSIVE;
				GCC_WARN_UNUSED_FUNCTION = YES;
				GCC_WARN_UNUSED_VARIABLE = YES;
				MACOSX_DEPLOYMENT_TARGET = 11.0;
				MTL_ENABLE_DEBUG_INFO = INCLUDE_SOURCE;
				MTL_FAST_MATH = YES;
				ONLY_ACTIVE_ARCH = YES;
				SDKROOT = macosx;
				SWIFT_ACTIVE_COMPILATION_CONDITIONS = DEBUG;
				SWIFT_OPTIMIZATION_LEVEL = "-Onone";
				VERSIONING_SYSTEM = "apple-generic";
				VERSION_INFO_PREFIX = "";
			};
			name = Debug;
		};
		927140E9259A286F00F303FC /* Release */ = {
			isa = XCBuildConfiguration;
			buildSettings = {
				ALWAYS_SEARCH_USER_PATHS = NO;
				CLANG_ANALYZER_NONNULL = YES;
				CLANG_ANALYZER_NUMBER_OBJECT_CONVERSION = YES_AGGRESSIVE;
				CLANG_CXX_LANGUAGE_STANDARD = "gnu++14";
				CLANG_CXX_LIBRARY = "libc++";
				CLANG_ENABLE_MODULES = YES;
				CLANG_ENABLE_OBJC_ARC = YES;
				CLANG_ENABLE_OBJC_WEAK = YES;
				CLANG_WARN_BLOCK_CAPTURE_AUTORELEASING = YES;
				CLANG_WARN_BOOL_CONVERSION = YES;
				CLANG_WARN_COMMA = YES;
				CLANG_WARN_CONSTANT_CONVERSION = YES;
				CLANG_WARN_DEPRECATED_OBJC_IMPLEMENTATIONS = YES;
				CLANG_WARN_DIRECT_OBJC_ISA_USAGE = YES_ERROR;
				CLANG_WARN_DOCUMENTATION_COMMENTS = YES;
				CLANG_WARN_EMPTY_BODY = YES;
				CLANG_WARN_ENUM_CONVERSION = YES;
				CLANG_WARN_INFINITE_RECURSION = YES;
				CLANG_WARN_INT_CONVERSION = YES;
				CLANG_WARN_NON_LITERAL_NULL_CONVERSION = YES;
				CLANG_WARN_OBJC_IMPLICIT_RETAIN_SELF = YES;
				CLANG_WARN_OBJC_LITERAL_CONVERSION = YES;
				CLANG_WARN_OBJC_ROOT_CLASS = YES_ERROR;
				CLANG_WARN_QUOTED_INCLUDE_IN_FRAMEWORK_HEADER = YES;
				CLANG_WARN_RANGE_LOOP_ANALYSIS = YES;
				CLANG_WARN_STRICT_PROTOTYPES = YES;
				CLANG_WARN_SUSPICIOUS_MOVE = YES;
				CLANG_WARN_UNGUARDED_AVAILABILITY = YES_AGGRESSIVE;
				CLANG_WARN_UNREACHABLE_CODE = YES;
				CLANG_WARN__DUPLICATE_METHOD_MATCH = YES;
				COPY_PHASE_STRIP = NO;
				CURRENT_PROJECT_VERSION = 1;
				DEBUG_INFORMATION_FORMAT = "dwarf-with-dsym";
				ENABLE_NS_ASSERTIONS = NO;
				ENABLE_STRICT_OBJC_MSGSEND = YES;
				GCC_C_LANGUAGE_STANDARD = gnu11;
				GCC_NO_COMMON_BLOCKS = YES;
				GCC_WARN_64_TO_32_BIT_CONVERSION = YES;
				GCC_WARN_ABOUT_RETURN_TYPE = YES_ERROR;
				GCC_WARN_UNDECLARED_SELECTOR = YES;
				GCC_WARN_UNINITIALIZED_AUTOS = YES_AGGRESSIVE;
				GCC_WARN_UNUSED_FUNCTION = YES;
				GCC_WARN_UNUSED_VARIABLE = YES;
				MACOSX_DEPLOYMENT_TARGET = 11.0;
				MTL_ENABLE_DEBUG_INFO = NO;
				MTL_FAST_MATH = YES;
				SDKROOT = macosx;
				SWIFT_COMPILATION_MODE = wholemodule;
				SWIFT_OPTIMIZATION_LEVEL = "-O";
				VERSIONING_SYSTEM = "apple-generic";
				VERSION_INFO_PREFIX = "";
			};
			name = Release;
		};
		927140EB259A286F00F303FC /* Debug */ = {
			isa = XCBuildConfiguration;
			buildSettings = {
				CLANG_ENABLE_MODULES = YES;
				CODE_SIGN_STYLE = Automatic;
				COMBINE_HIDPI_IMAGES = YES;
				DEFINES_MODULE = YES;
				DEVELOPMENT_TEAM = ZX7GUMJ35C;
				DYLIB_COMPATIBILITY_VERSION = 1;
				DYLIB_CURRENT_VERSION = 1;
				DYLIB_INSTALL_NAME_BASE = "@rpath";
				INFOPLIST_FILE = Y2020D3/SupportingFiles/Info.plist;
				INSTALL_PATH = "$(LOCAL_LIBRARY_DIR)/Frameworks";
				LD_RUNPATH_SEARCH_PATHS = (
					"$(inherited)",
					"@executable_path/../Frameworks",
					"@loader_path/Frameworks",
				);
				PRODUCT_BUNDLE_IDENTIFIER = com.amarantedaniel.Y2020D3;
				PRODUCT_NAME = "$(TARGET_NAME:c99extidentifier)";
				SKIP_INSTALL = YES;
				SWIFT_OPTIMIZATION_LEVEL = "-Onone";
				SWIFT_VERSION = 5.0;
			};
			name = Debug;
		};
		927140EC259A286F00F303FC /* Release */ = {
			isa = XCBuildConfiguration;
			buildSettings = {
				CLANG_ENABLE_MODULES = YES;
				CODE_SIGN_STYLE = Automatic;
				COMBINE_HIDPI_IMAGES = YES;
				DEFINES_MODULE = YES;
				DEVELOPMENT_TEAM = ZX7GUMJ35C;
				DYLIB_COMPATIBILITY_VERSION = 1;
				DYLIB_CURRENT_VERSION = 1;
				DYLIB_INSTALL_NAME_BASE = "@rpath";
				INFOPLIST_FILE = Y2020D3/SupportingFiles/Info.plist;
				INSTALL_PATH = "$(LOCAL_LIBRARY_DIR)/Frameworks";
				LD_RUNPATH_SEARCH_PATHS = (
					"$(inherited)",
					"@executable_path/../Frameworks",
					"@loader_path/Frameworks",
				);
				PRODUCT_BUNDLE_IDENTIFIER = com.amarantedaniel.Y2020D3;
				PRODUCT_NAME = "$(TARGET_NAME:c99extidentifier)";
				SKIP_INSTALL = YES;
				SWIFT_VERSION = 5.0;
			};
			name = Release;
		};
		927140EE259A286F00F303FC /* Debug */ = {
			isa = XCBuildConfiguration;
			buildSettings = {
				ALWAYS_EMBED_SWIFT_STANDARD_LIBRARIES = YES;
				CODE_SIGN_STYLE = Automatic;
				COMBINE_HIDPI_IMAGES = YES;
				DEVELOPMENT_TEAM = ZX7GUMJ35C;
				INFOPLIST_FILE = Y2020D3Tests/Info.plist;
				LD_RUNPATH_SEARCH_PATHS = (
					"$(inherited)",
					"@executable_path/../Frameworks",
					"@loader_path/../Frameworks",
				);
				PRODUCT_BUNDLE_IDENTIFIER = com.amarantedaniel.Y2020D3Tests;
				PRODUCT_NAME = "$(TARGET_NAME)";
				SWIFT_VERSION = 5.0;
			};
			name = Debug;
		};
		927140EF259A286F00F303FC /* Release */ = {
			isa = XCBuildConfiguration;
			buildSettings = {
				ALWAYS_EMBED_SWIFT_STANDARD_LIBRARIES = YES;
				CODE_SIGN_STYLE = Automatic;
				COMBINE_HIDPI_IMAGES = YES;
				DEVELOPMENT_TEAM = ZX7GUMJ35C;
				INFOPLIST_FILE = Y2020D3Tests/Info.plist;
				LD_RUNPATH_SEARCH_PATHS = (
					"$(inherited)",
					"@executable_path/../Frameworks",
					"@loader_path/../Frameworks",
				);
				PRODUCT_BUNDLE_IDENTIFIER = com.amarantedaniel.Y2020D3Tests;
				PRODUCT_NAME = "$(TARGET_NAME)";
				SWIFT_VERSION = 5.0;
			};
			name = Release;
		};
/* End XCBuildConfiguration section */

/* Begin XCConfigurationList section */
		927140D0259A286E00F303FC /* Build configuration list for PBXProject "Y2020D3" */ = {
			isa = XCConfigurationList;
			buildConfigurations = (
				927140E8259A286F00F303FC /* Debug */,
				927140E9259A286F00F303FC /* Release */,
			);
			defaultConfigurationIsVisible = 0;
			defaultConfigurationName = Release;
		};
		927140EA259A286F00F303FC /* Build configuration list for PBXNativeTarget "Y2020D3" */ = {
			isa = XCConfigurationList;
			buildConfigurations = (
				927140EB259A286F00F303FC /* Debug */,
				927140EC259A286F00F303FC /* Release */,
			);
			defaultConfigurationIsVisible = 0;
			defaultConfigurationName = Release;
		};
		927140ED259A286F00F303FC /* Build configuration list for PBXNativeTarget "Y2020D3Tests" */ = {
			isa = XCConfigurationList;
			buildConfigurations = (
				927140EE259A286F00F303FC /* Debug */,
				927140EF259A286F00F303FC /* Release */,
			);
			defaultConfigurationIsVisible = 0;
			defaultConfigurationName = Release;
		};
/* End XCConfigurationList section */
	};
	rootObject = 927140CD259A286E00F303FC /* Project object */;
}
