// !$*UTF8*$!
{
	archiveVersion = 1;
	classes = {
	};
	objectVersion = 50;
	objects = {

/* Begin PBXBuildFile section */
		9271409B259A24D700F303FC /* Y2020D2.framework in Frameworks */ = {isa = PBXBuildFile; fileRef = 92714091259A24D700F303FC /* Y2020D2.framework */; };
		927140A0259A24D700F303FC /* SolutionTests.swift in Sources */ = {isa = PBXBuildFile; fileRef = 9271409F259A24D700F303FC /* SolutionTests.swift */; };
		927140A2259A24D700F303FC /* Y2020D2.h in Headers */ = {isa = PBXBuildFile; fileRef = 92714094259A24D700F303FC /* Y2020D2.h */; settings = {ATTRIBUTES = (Public, ); }; };
		927140B1259A254800F303FC /* Solution.swift in Sources */ = {isa = PBXBuildFile; fileRef = 927140B0259A254800F303FC /* Solution.swift */; };
		927140BB259A25B400F303FC /* sample.txt in Resources */ = {isa = PBXBuildFile; fileRef = 927140BA259A25B400F303FC /* sample.txt */; };
		927140C1259A25C600F303FC /* large.txt in Resources */ = {isa = PBXBuildFile; fileRef = 927140C0259A25C600F303FC /* large.txt */; };
		927140C5259A26E400F303FC /* Parser.swift in Sources */ = {isa = PBXBuildFile; fileRef = 927140C4259A26E400F303FC /* Parser.swift */; };
		927140C9259A276D00F303FC /* Policy.swift in Sources */ = {isa = PBXBuildFile; fileRef = 927140C8259A276D00F303FC /* Policy.swift */; };
/* End PBXBuildFile section */

/* Begin PBXContainerItemProxy section */
		9271409C259A24D700F303FC /* PBXContainerItemProxy */ = {
			isa = PBXContainerItemProxy;
			containerPortal = 92714088259A24D700F303FC /* Project object */;
			proxyType = 1;
			remoteGlobalIDString = 92714090259A24D700F303FC;
			remoteInfo = Y2020D2;
		};
/* End PBXContainerItemProxy section */

/* Begin PBXFileReference section */
		92714091259A24D700F303FC /* Y2020D2.framework */ = {isa = PBXFileReference; explicitFileType = wrapper.framework; includeInIndex = 0; path = Y2020D2.framework; sourceTree = BUILT_PRODUCTS_DIR; };
		92714094259A24D700F303FC /* Y2020D2.h */ = {isa = PBXFileReference; lastKnownFileType = sourcecode.c.h; path = Y2020D2.h; sourceTree = "<group>"; };
		92714095259A24D700F303FC /* Info.plist */ = {isa = PBXFileReference; lastKnownFileType = text.plist.xml; path = Info.plist; sourceTree = "<group>"; };
		9271409A259A24D700F303FC /* Y2020D2Tests.xctest */ = {isa = PBXFileReference; explicitFileType = wrapper.cfbundle; includeInIndex = 0; path = Y2020D2Tests.xctest; sourceTree = BUILT_PRODUCTS_DIR; };
		9271409F259A24D700F303FC /* SolutionTests.swift */ = {isa = PBXFileReference; lastKnownFileType = sourcecode.swift; path = SolutionTests.swift; sourceTree = "<group>"; };
		927140A1259A24D700F303FC /* Info.plist */ = {isa = PBXFileReference; lastKnownFileType = text.plist.xml; path = Info.plist; sourceTree = "<group>"; };
		927140B0259A254800F303FC /* Solution.swift */ = {isa = PBXFileReference; lastKnownFileType = sourcecode.swift; path = Solution.swift; sourceTree = "<group>"; };
		927140BA259A25B400F303FC /* sample.txt */ = {isa = PBXFileReference; lastKnownFileType = text; path = sample.txt; sourceTree = "<group>"; };
		927140C0259A25C600F303FC /* large.txt */ = {isa = PBXFileReference; lastKnownFileType = text; path = large.txt; sourceTree = "<group>"; };
		927140C4259A26E400F303FC /* Parser.swift */ = {isa = PBXFileReference; lastKnownFileType = sourcecode.swift; path = Parser.swift; sourceTree = "<group>"; };
		927140C8259A276D00F303FC /* Policy.swift */ = {isa = PBXFileReference; lastKnownFileType = sourcecode.swift; path = Policy.swift; sourceTree = "<group>"; };
/* End PBXFileReference section */

/* Begin PBXFrameworksBuildPhase section */
		9271408E259A24D700F303FC /* Frameworks */ = {
			isa = PBXFrameworksBuildPhase;
			buildActionMask = 2147483647;
			files = (
			);
			runOnlyForDeploymentPostprocessing = 0;
		};
		92714097259A24D700F303FC /* Frameworks */ = {
			isa = PBXFrameworksBuildPhase;
			buildActionMask = 2147483647;
			files = (
				9271409B259A24D700F303FC /* Y2020D2.framework in Frameworks */,
			);
			runOnlyForDeploymentPostprocessing = 0;
		};
/* End PBXFrameworksBuildPhase section */

/* Begin PBXGroup section */
		92714087259A24D700F303FC = {
			isa = PBXGroup;
			children = (
				92714093259A24D700F303FC /* Y2020D2 */,
				9271409E259A24D700F303FC /* Y2020D2Tests */,
				92714092259A24D700F303FC /* Products */,
			);
			sourceTree = "<group>";
		};
		92714092259A24D700F303FC /* Products */ = {
			isa = PBXGroup;
			children = (
				92714091259A24D700F303FC /* Y2020D2.framework */,
				9271409A259A24D700F303FC /* Y2020D2Tests.xctest */,
			);
			name = Products;
			sourceTree = "<group>";
		};
		92714093259A24D700F303FC /* Y2020D2 */ = {
			isa = PBXGroup;
			children = (
				927140B4259A256600F303FC /* SupportingFiles */,
				927140B0259A254800F303FC /* Solution.swift */,
				927140C4259A26E400F303FC /* Parser.swift */,
				927140C8259A276D00F303FC /* Policy.swift */,
			);
			path = Y2020D2;
			sourceTree = "<group>";
		};
		9271409E259A24D700F303FC /* Y2020D2Tests */ = {
			isa = PBXGroup;
			children = (
				927140B9259A25A500F303FC /* Input */,
				9271409F259A24D700F303FC /* SolutionTests.swift */,
				927140A1259A24D700F303FC /* Info.plist */,
			);
			path = Y2020D2Tests;
			sourceTree = "<group>";
		};
		927140B4259A256600F303FC /* SupportingFiles */ = {
			isa = PBXGroup;
			children = (
				92714094259A24D700F303FC /* Y2020D2.h */,
				92714095259A24D700F303FC /* Info.plist */,
			);
			path = SupportingFiles;
			sourceTree = "<group>";
		};
		927140B9259A25A500F303FC /* Input */ = {
			isa = PBXGroup;
			children = (
				927140BA259A25B400F303FC /* sample.txt */,
				927140C0259A25C600F303FC /* large.txt */,
			);
			path = Input;
			sourceTree = "<group>";
		};
/* End PBXGroup section */

/* Begin PBXHeadersBuildPhase section */
		9271408C259A24D700F303FC /* Headers */ = {
			isa = PBXHeadersBuildPhase;
			buildActionMask = 2147483647;
			files = (
				927140A2259A24D700F303FC /* Y2020D2.h in Headers */,
			);
			runOnlyForDeploymentPostprocessing = 0;
		};
/* End PBXHeadersBuildPhase section */

/* Begin PBXNativeTarget section */
		92714090259A24D700F303FC /* Y2020D2 */ = {
			isa = PBXNativeTarget;
			buildConfigurationList = 927140A5259A24D700F303FC /* Build configuration list for PBXNativeTarget "Y2020D2" */;
			buildPhases = (
				9271408C259A24D700F303FC /* Headers */,
				9271408D259A24D700F303FC /* Sources */,
				9271408E259A24D700F303FC /* Frameworks */,
				9271408F259A24D700F303FC /* Resources */,
			);
			buildRules = (
			);
			dependencies = (
			);
			name = Y2020D2;
			productName = Y2020D2;
			productReference = 92714091259A24D700F303FC /* Y2020D2.framework */;
			productType = "com.apple.product-type.framework";
		};
		92714099259A24D700F303FC /* Y2020D2Tests */ = {
			isa = PBXNativeTarget;
			buildConfigurationList = 927140A8259A24D700F303FC /* Build configuration list for PBXNativeTarget "Y2020D2Tests" */;
			buildPhases = (
				92714096259A24D700F303FC /* Sources */,
				92714097259A24D700F303FC /* Frameworks */,
				92714098259A24D700F303FC /* Resources */,
			);
			buildRules = (
			);
			dependencies = (
				9271409D259A24D700F303FC /* PBXTargetDependency */,
			);
			name = Y2020D2Tests;
			productName = Y2020D2Tests;
			productReference = 9271409A259A24D700F303FC /* Y2020D2Tests.xctest */;
			productType = "com.apple.product-type.bundle.unit-test";
		};
/* End PBXNativeTarget section */

/* Begin PBXProject section */
		92714088259A24D700F303FC /* Project object */ = {
			isa = PBXProject;
			attributes = {
				LastSwiftUpdateCheck = 1220;
				LastUpgradeCheck = 1220;
				TargetAttributes = {
					92714090259A24D700F303FC = {
						CreatedOnToolsVersion = 12.2;
						LastSwiftMigration = 1220;
					};
					92714099259A24D700F303FC = {
						CreatedOnToolsVersion = 12.2;
					};
				};
			};
			buildConfigurationList = 9271408B259A24D700F303FC /* Build configuration list for PBXProject "Y2020D2" */;
			compatibilityVersion = "Xcode 9.3";
			developmentRegion = en;
			hasScannedForEncodings = 0;
			knownRegions = (
				en,
				Base,
			);
			mainGroup = 92714087259A24D700F303FC;
			productRefGroup = 92714092259A24D700F303FC /* Products */;
			projectDirPath = "";
			projectRoot = "";
			targets = (
				92714090259A24D700F303FC /* Y2020D2 */,
				92714099259A24D700F303FC /* Y2020D2Tests */,
			);
		};
/* End PBXProject section */

/* Begin PBXResourcesBuildPhase section */
		9271408F259A24D700F303FC /* Resources */ = {
			isa = PBXResourcesBuildPhase;
			buildActionMask = 2147483647;
			files = (
			);
			runOnlyForDeploymentPostprocessing = 0;
		};
		92714098259A24D700F303FC /* Resources */ = {
			isa = PBXResourcesBuildPhase;
			buildActionMask = 2147483647;
			files = (
				927140C1259A25C600F303FC /* large.txt in Resources */,
				927140BB259A25B400F303FC /* sample.txt in Resources */,
			);
			runOnlyForDeploymentPostprocessing = 0;
		};
/* End PBXResourcesBuildPhase section */

/* Begin PBXSourcesBuildPhase section */
		9271408D259A24D700F303FC /* Sources */ = {
			isa = PBXSourcesBuildPhase;
			buildActionMask = 2147483647;
			files = (
				927140C5259A26E400F303FC /* Parser.swift in Sources */,
				927140B1259A254800F303FC /* Solution.swift in Sources */,
				927140C9259A276D00F303FC /* Policy.swift in Sources */,
			);
			runOnlyForDeploymentPostprocessing = 0;
		};
		92714096259A24D700F303FC /* Sources */ = {
			isa = PBXSourcesBuildPhase;
			buildActionMask = 2147483647;
			files = (
				927140A0259A24D700F303FC /* SolutionTests.swift in Sources */,
			);
			runOnlyForDeploymentPostprocessing = 0;
		};
/* End PBXSourcesBuildPhase section */

/* Begin PBXTargetDependency section */
		9271409D259A24D700F303FC /* PBXTargetDependency */ = {
			isa = PBXTargetDependency;
			target = 92714090259A24D700F303FC /* Y2020D2 */;
			targetProxy = 9271409C259A24D700F303FC /* PBXContainerItemProxy */;
		};
/* End PBXTargetDependency section */

/* Begin XCBuildConfiguration section */
		927140A3259A24D700F303FC /* Debug */ = {
			isa = XCBuildConfiguration;
			buildSettings = {
				ALWAYS_SEARCH_USER_PATHS = NO;
				CLANG_ANALYZER_NONNULL = YES;
				CLANG_ANALYZER_NUMBER_OBJECT_CONVERSION = YES_AGGRESSIVE;
				CLANG_CXX_LANGUAGE_STANDARD = "gnu++14";
				CLANG_CXX_LIBRARY = "libc++";
				CLANG_ENABLE_MODULES = YES;
				CLANG_ENABLE_OBJC_ARC = YES;
				CLANG_ENABLE_OBJC_WEAK = YES;
				CLANG_WARN_BLOCK_CAPTURE_AUTORELEASING = YES;
				CLANG_WARN_BOOL_CONVERSION = YES;
				CLANG_WARN_COMMA = YES;
				CLANG_WARN_CONSTANT_CONVERSION = YES;
				CLANG_WARN_DEPRECATED_OBJC_IMPLEMENTATIONS = YES;
				CLANG_WARN_DIRECT_OBJC_ISA_USAGE = YES_ERROR;
				CLANG_WARN_DOCUMENTATION_COMMENTS = YES;
				CLANG_WARN_EMPTY_BODY = YES;
				CLANG_WARN_ENUM_CONVERSION = YES;
				CLANG_WARN_INFINITE_RECURSION = YES;
				CLANG_WARN_INT_CONVERSION = YES;
				CLANG_WARN_NON_LITERAL_NULL_CONVERSION = YES;
				CLANG_WARN_OBJC_IMPLICIT_RETAIN_SELF = YES;
				CLANG_WARN_OBJC_LITERAL_CONVERSION = YES;
				CLANG_WARN_OBJC_ROOT_CLASS = YES_ERROR;
				CLANG_WARN_QUOTED_INCLUDE_IN_FRAMEWORK_HEADER = YES;
				CLANG_WARN_RANGE_LOOP_ANALYSIS = YES;
				CLANG_WARN_STRICT_PROTOTYPES = YES;
				CLANG_WARN_SUSPICIOUS_MOVE = YES;
				CLANG_WARN_UNGUARDED_AVAILABILITY = YES_AGGRESSIVE;
				CLANG_WARN_UNREACHABLE_CODE = YES;
				CLANG_WARN__DUPLICATE_METHOD_MATCH = YES;
				COPY_PHASE_STRIP = NO;
				CURRENT_PROJECT_VERSION = 1;
				DEBUG_INFORMATION_FORMAT = dwarf;
				ENABLE_STRICT_OBJC_MSGSEND = YES;
				ENABLE_TESTABILITY = YES;
				GCC_C_LANGUAGE_STANDARD = gnu11;
				GCC_DYNAMIC_NO_PIC = NO;
				GCC_NO_COMMON_BLOCKS = YES;
				GCC_OPTIMIZATION_LEVEL = 0;
				GCC_PREPROCESSOR_DEFINITIONS = (
					"DEBUG=1",
					"$(inherited)",
				);
				GCC_WARN_64_TO_32_BIT_CONVERSION = YES;
				GCC_WARN_ABOUT_RETURN_TYPE = YES_ERROR;
				GCC_WARN_UNDECLARED_SELECTOR = YES;
				GCC_WARN_UNINITIALIZED_AUTOS = YES_AGGRESSIVE;
				GCC_WARN_UNUSED_FUNCTION = YES;
				GCC_WARN_UNUSED_VARIABLE = YES;
				MACOSX_DEPLOYMENT_TARGET = 11.0;
				MTL_ENABLE_DEBUG_INFO = INCLUDE_SOURCE;
				MTL_FAST_MATH = YES;
				ONLY_ACTIVE_ARCH = YES;
				SDKROOT = macosx;
				SWIFT_ACTIVE_COMPILATION_CONDITIONS = DEBUG;
				SWIFT_OPTIMIZATION_LEVEL = "-Onone";
				VERSIONING_SYSTEM = "apple-generic";
				VERSION_INFO_PREFIX = "";
			};
			name = Debug;
		};
		927140A4259A24D700F303FC /* Release */ = {
			isa = XCBuildConfiguration;
			buildSettings = {
				ALWAYS_SEARCH_USER_PATHS = NO;
				CLANG_ANALYZER_NONNULL = YES;
				CLANG_ANALYZER_NUMBER_OBJECT_CONVERSION = YES_AGGRESSIVE;
				CLANG_CXX_LANGUAGE_STANDARD = "gnu++14";
				CLANG_CXX_LIBRARY = "libc++";
				CLANG_ENABLE_MODULES = YES;
				CLANG_ENABLE_OBJC_ARC = YES;
				CLANG_ENABLE_OBJC_WEAK = YES;
				CLANG_WARN_BLOCK_CAPTURE_AUTORELEASING = YES;
				CLANG_WARN_BOOL_CONVERSION = YES;
				CLANG_WARN_COMMA = YES;
				CLANG_WARN_CONSTANT_CONVERSION = YES;
				CLANG_WARN_DEPRECATED_OBJC_IMPLEMENTATIONS = YES;
				CLANG_WARN_DIRECT_OBJC_ISA_USAGE = YES_ERROR;
				CLANG_WARN_DOCUMENTATION_COMMENTS = YES;
				CLANG_WARN_EMPTY_BODY = YES;
				CLANG_WARN_ENUM_CONVERSION = YES;
				CLANG_WARN_INFINITE_RECURSION = YES;
				CLANG_WARN_INT_CONVERSION = YES;
				CLANG_WARN_NON_LITERAL_NULL_CONVERSION = YES;
				CLANG_WARN_OBJC_IMPLICIT_RETAIN_SELF = YES;
				CLANG_WARN_OBJC_LITERAL_CONVERSION = YES;
				CLANG_WARN_OBJC_ROOT_CLASS = YES_ERROR;
				CLANG_WARN_QUOTED_INCLUDE_IN_FRAMEWORK_HEADER = YES;
				CLANG_WARN_RANGE_LOOP_ANALYSIS = YES;
				CLANG_WARN_STRICT_PROTOTYPES = YES;
				CLANG_WARN_SUSPICIOUS_MOVE = YES;
				CLANG_WARN_UNGUARDED_AVAILABILITY = YES_AGGRESSIVE;
				CLANG_WARN_UNREACHABLE_CODE = YES;
				CLANG_WARN__DUPLICATE_METHOD_MATCH = YES;
				COPY_PHASE_STRIP = NO;
				CURRENT_PROJECT_VERSION = 1;
				DEBUG_INFORMATION_FORMAT = "dwarf-with-dsym";
				ENABLE_NS_ASSERTIONS = NO;
				ENABLE_STRICT_OBJC_MSGSEND = YES;
				GCC_C_LANGUAGE_STANDARD = gnu11;
				GCC_NO_COMMON_BLOCKS = YES;
				GCC_WARN_64_TO_32_BIT_CONVERSION = YES;
				GCC_WARN_ABOUT_RETURN_TYPE = YES_ERROR;
				GCC_WARN_UNDECLARED_SELECTOR = YES;
				GCC_WARN_UNINITIALIZED_AUTOS = YES_AGGRESSIVE;
				GCC_WARN_UNUSED_FUNCTION = YES;
				GCC_WARN_UNUSED_VARIABLE = YES;
				MACOSX_DEPLOYMENT_TARGET = 11.0;
				MTL_ENABLE_DEBUG_INFO = NO;
				MTL_FAST_MATH = YES;
				SDKROOT = macosx;
				SWIFT_COMPILATION_MODE = wholemodule;
				SWIFT_OPTIMIZATION_LEVEL = "-O";
				VERSIONING_SYSTEM = "apple-generic";
				VERSION_INFO_PREFIX = "";
			};
			name = Release;
		};
		927140A6259A24D700F303FC /* Debug */ = {
			isa = XCBuildConfiguration;
			buildSettings = {
				CLANG_ENABLE_MODULES = YES;
				CODE_SIGN_STYLE = Automatic;
				COMBINE_HIDPI_IMAGES = YES;
				DEFINES_MODULE = YES;
				DEVELOPMENT_TEAM = ZX7GUMJ35C;
				DYLIB_COMPATIBILITY_VERSION = 1;
				DYLIB_CURRENT_VERSION = 1;
				DYLIB_INSTALL_NAME_BASE = "@rpath";
				INFOPLIST_FILE = Y2020D2/SupportingFiles/Info.plist;
				INSTALL_PATH = "$(LOCAL_LIBRARY_DIR)/Frameworks";
				LD_RUNPATH_SEARCH_PATHS = (
					"$(inherited)",
					"@executable_path/../Frameworks",
					"@loader_path/Frameworks",
				);
				PRODUCT_BUNDLE_IDENTIFIER = com.amarantedaniel.Y2020D2;
				PRODUCT_NAME = "$(TARGET_NAME:c99extidentifier)";
				SKIP_INSTALL = YES;
				SWIFT_OPTIMIZATION_LEVEL = "-Onone";
				SWIFT_VERSION = 5.0;
			};
			name = Debug;
		};
		927140A7259A24D700F303FC /* Release */ = {
			isa = XCBuildConfiguration;
			buildSettings = {
				CLANG_ENABLE_MODULES = YES;
				CODE_SIGN_STYLE = Automatic;
				COMBINE_HIDPI_IMAGES = YES;
				DEFINES_MODULE = YES;
				DEVELOPMENT_TEAM = ZX7GUMJ35C;
				DYLIB_COMPATIBILITY_VERSION = 1;
				DYLIB_CURRENT_VERSION = 1;
				DYLIB_INSTALL_NAME_BASE = "@rpath";
				INFOPLIST_FILE = Y2020D2/SupportingFiles/Info.plist;
				INSTALL_PATH = "$(LOCAL_LIBRARY_DIR)/Frameworks";
				LD_RUNPATH_SEARCH_PATHS = (
					"$(inherited)",
					"@executable_path/../Frameworks",
					"@loader_path/Frameworks",
				);
				PRODUCT_BUNDLE_IDENTIFIER = com.amarantedaniel.Y2020D2;
				PRODUCT_NAME = "$(TARGET_NAME:c99extidentifier)";
				SKIP_INSTALL = YES;
				SWIFT_VERSION = 5.0;
			};
			name = Release;
		};
		927140A9259A24D700F303FC /* Debug */ = {
			isa = XCBuildConfiguration;
			buildSettings = {
				ALWAYS_EMBED_SWIFT_STANDARD_LIBRARIES = YES;
				CODE_SIGN_STYLE = Automatic;
				COMBINE_HIDPI_IMAGES = YES;
				DEVELOPMENT_TEAM = ZX7GUMJ35C;
				INFOPLIST_FILE = Y2020D2Tests/Info.plist;
				LD_RUNPATH_SEARCH_PATHS = (
					"$(inherited)",
					"@executable_path/../Frameworks",
					"@loader_path/../Frameworks",
				);
				PRODUCT_BUNDLE_IDENTIFIER = com.amarantedaniel.Y2020D2Tests;
				PRODUCT_NAME = "$(TARGET_NAME)";
				SWIFT_VERSION = 5.0;
			};
			name = Debug;
		};
		927140AA259A24D700F303FC /* Release */ = {
			isa = XCBuildConfiguration;
			buildSettings = {
				ALWAYS_EMBED_SWIFT_STANDARD_LIBRARIES = YES;
				CODE_SIGN_STYLE = Automatic;
				COMBINE_HIDPI_IMAGES = YES;
				DEVELOPMENT_TEAM = ZX7GUMJ35C;
				INFOPLIST_FILE = Y2020D2Tests/Info.plist;
				LD_RUNPATH_SEARCH_PATHS = (
					"$(inherited)",
					"@executable_path/../Frameworks",
					"@loader_path/../Frameworks",
				);
				PRODUCT_BUNDLE_IDENTIFIER = com.amarantedaniel.Y2020D2Tests;
				PRODUCT_NAME = "$(TARGET_NAME)";
				SWIFT_VERSION = 5.0;
			};
			name = Release;
		};
/* End XCBuildConfiguration section */

/* Begin XCConfigurationList section */
		9271408B259A24D700F303FC /* Build configuration list for PBXProject "Y2020D2" */ = {
			isa = XCConfigurationList;
			buildConfigurations = (
				927140A3259A24D700F303FC /* Debug */,
				927140A4259A24D700F303FC /* Release */,
			);
			defaultConfigurationIsVisible = 0;
			defaultConfigurationName = Release;
		};
		927140A5259A24D700F303FC /* Build configuration list for PBXNativeTarget "Y2020D2" */ = {
			isa = XCConfigurationList;
			buildConfigurations = (
				927140A6259A24D700F303FC /* Debug */,
				927140A7259A24D700F303FC /* Release */,
			);
			defaultConfigurationIsVisible = 0;
			defaultConfigurationName = Release;
		};
		927140A8259A24D700F303FC /* Build configuration list for PBXNativeTarget "Y2020D2Tests" */ = {
			isa = XCConfigurationList;
			buildConfigurations = (
				927140A9259A24D700F303FC /* Debug */,
				927140AA259A24D700F303FC /* Release */,
			);
			defaultConfigurationIsVisible = 0;
			defaultConfigurationName = Release;
		};
/* End XCConfigurationList section */
	};
	rootObject = 92714088259A24D700F303FC /* Project object */;
}
